
Microsoft Visual Studio Solution File, Format Version 12.00
# Visual Studio 16
Project("{FAE04EC0-301F-11D3-BF4B-00C04F79EFBC}") = "Assembly-CSharp", "Assembly-CSharp.csproj", "{6D9E24F2-5D59-99A1-7CA3-263017D3F44D}"
EndProject
Project("{FAE04EC0-301F-11D3-BF4B-00C04F79EFBC}") = "Assembly-CSharp-Editor", "Assembly-CSharp-Editor.csproj", "{1A740CE9-C8D1-B855-E336-28FE5EC03A8C}"
EndProject
Global
	GlobalSection(SolutionConfigurationPlatforms) = preSolution
		Debug|Any CPU = Debug|Any CPU
		Release|Any CPU = Release|Any CPU
	EndGlobalSection
	GlobalSection(ProjectConfigurationPlatforms) = postSolution
		{6D9E24F2-5D59-99A1-7CA3-263017D3F44D}.Debug|Any CPU.ActiveCfg = Debug|Any CPU
		{6D9E24F2-5D59-99A1-7CA3-263017D3F44D}.Debug|Any CPU.Build.0 = Debug|Any CPU
		{6D9E24F2-5D59-99A1-7CA3-263017D3F44D}.Release|Any CPU.ActiveCfg = Release|Any CPU
		{6D9E24F2-5D59-99A1-7CA3-263017D3F44D}.Release|Any CPU.Build.0 = Release|Any CPU
		{1A740CE9-C8D1-B855-E336-28FE5EC03A8C}.Debug|Any CPU.ActiveCfg = Debug|Any CPU
		{1A740CE9-C8D1-B855-E336-28FE5EC03A8C}.Debug|Any CPU.Build.0 = Debug|Any CPU
		{1A740CE9-C8D1-B855-E336-28FE5EC03A8C}.Release|Any CPU.ActiveCfg = Release|Any CPU
		{1A740CE9-C8D1-B855-E336-28FE5EC03A8C}.Release|Any CPU.Build.0 = Release|Any CPU
	EndGlobalSection
	GlobalSection(SolutionProperties) = preSolution
		HideSolutionNode = FALSE
	EndGlobalSection
EndGlobal
