
Microsoft Visual Studio Solution File, Format Version 12.00
# Visual Studio 15
Project("{FAE04EC0-301F-11D3-BF4B-00C04F79EFBC}") = "tags", "tags.csproj", "{710EDDF1-778D-F963-05AF-2922498B6DEE}"
EndProject
Project("{FAE04EC0-301F-11D3-BF4B-00C04F79EFBC}") = "records", "records.csproj", "{DF4257BE-70C6-F8A4-A864-9EDE623C456A}"
EndProject
Project("{FAE04EC0-301F-11D3-BF4B-00C04F79EFBC}") = "Assembly-CSharp", "Assembly-CSharp.csproj", "{6D9E24F2-5D59-99A1-7CA3-263017D3F44D}"
EndProject
Project("{FAE04EC0-301F-11D3-BF4B-00C04F79EFBC}") = "Assembly-CSharp-Editor", "Assembly-CSharp-Editor.csproj", "{1A740CE9-C8D1-B855-E336-28FE5EC03A8C}"
EndProject
Global
	GlobalSection(SolutionConfigurationPlatforms) = preSolution
		Debug|Any CPU = Debug|Any CPU
		Release|Any CPU = Release|Any CPU
	EndGlobalSection
	GlobalSection(ProjectConfigurationPlatforms) = postSolution
		{710EDDF1-778D-F963-05AF-2922498B6DEE}.Debug|Any CPU.ActiveCfg = Debug|Any CPU
		{710EDDF1-778D-F963-05AF-2922498B6DEE}.Debug|Any CPU.Build.0 = Debug|Any CPU
		{710EDDF1-778D-F963-05AF-2922498B6DEE}.Release|Any CPU.ActiveCfg = Release|Any CPU
		{710EDDF1-778D-F963-05AF-2922498B6DEE}.Release|Any CPU.Build.0 = Release|Any CPU
		{DF4257BE-70C6-F8A4-A864-9EDE623C456A}.Debug|Any CPU.ActiveCfg = Debug|Any CPU
		{DF4257BE-70C6-F8A4-A864-9EDE623C456A}.Debug|Any CPU.Build.0 = Debug|Any CPU
		{DF4257BE-70C6-F8A4-A864-9EDE623C456A}.Release|Any CPU.ActiveCfg = Release|Any CPU
		{DF4257BE-70C6-F8A4-A864-9EDE623C456A}.Release|Any CPU.Build.0 = Release|Any CPU
		{6D9E24F2-5D59-99A1-7CA3-263017D3F44D}.Debug|Any CPU.ActiveCfg = Debug|Any CPU
		{6D9E24F2-5D59-99A1-7CA3-263017D3F44D}.Debug|Any CPU.Build.0 = Debug|Any CPU
		{6D9E24F2-5D59-99A1-7CA3-263017D3F44D}.Release|Any CPU.ActiveCfg = Release|Any CPU
		{6D9E24F2-5D59-99A1-7CA3-263017D3F44D}.Release|Any CPU.Build.0 = Release|Any CPU
		{1A740CE9-C8D1-B855-E336-28FE5EC03A8C}.Debug|Any CPU.ActiveCfg = Debug|Any CPU
		{1A740CE9-C8D1-B855-E336-28FE5EC03A8C}.Debug|Any CPU.Build.0 = Debug|Any CPU
		{1A740CE9-C8D1-B855-E336-28FE5EC03A8C}.Release|Any CPU.ActiveCfg = Release|Any CPU
		{1A740CE9-C8D1-B855-E336-28FE5EC03A8C}.Release|Any CPU.Build.0 = Release|Any CPU
	EndGlobalSection
	GlobalSection(SolutionProperties) = preSolution
		HideSolutionNode = FALSE
	EndGlobalSection
EndGlobal
